
Microsoft Visual Studio Solution File, Format Version 12.00
# Visual Studio Version 17
VisualStudioVersion = 17.3.32929.385
MinimumVisualStudioVersion = 10.0.40219.1
Project("{2150E333-8FDC-42A3-9474-1A3956D46DE8}") = "_", "_", "{008F660F-3AB0-4546-BBAD-0BA42EADC8FA}"
	ProjectSection(SolutionItems) = preProject
		ReadMe.txt = ReadMe.txt
	EndProjectSection
EndProject
Project("{2150E333-8FDC-42A3-9474-1A3956D46DE8}") = "00", "00", "{DA37F5A6-5544-44FF-A9D1-972930EBC331}"
EndProject
Project("{2150E333-8FDC-42A3-9474-1A3956D46DE8}") = "01", "01", "{40845C2B-04EB-482C-AE6F-7C49F18233C5}"
EndProject
Project("{2150E333-8FDC-42A3-9474-1A3956D46DE8}") = "02", "02", "{EC21C50F-F9A0-4152-990A-CAE5EBEDED26}"
EndProject
Project("{2150E333-8FDC-42A3-9474-1A3956D46DE8}") = "04", "04", "{51390713-7DA8-495B-A1AE-5FC6E13EA27C}"
EndProject
Project("{2150E333-8FDC-42A3-9474-1A3956D46DE8}") = "05", "05", "{7CA86022-0CA2-4F62-A2FE-860EFA804660}"
EndProject
Project("{2150E333-8FDC-42A3-9474-1A3956D46DE8}") = "06", "06", "{145F1C24-8629-431A-B2ED-FFE7212D04C5}"
EndProject
Project("{2150E333-8FDC-42A3-9474-1A3956D46DE8}") = "08", "08", "{50B69DF6-AF03-4C7A-AD8D-CA96C610B052}"
EndProject
Project("{2150E333-8FDC-42A3-9474-1A3956D46DE8}") = "09", "09", "{F8017D15-12E8-4F57-843A-83C7BCD713D6}"
EndProject
Project("{2150E333-8FDC-42A3-9474-1A3956D46DE8}") = "10", "10", "{10B18C04-51D5-4AEF-9012-E69DA4C3A570}"
EndProject
Project("{2150E333-8FDC-42A3-9474-1A3956D46DE8}") = "11", "11", "{CDE2956F-9320-4EAC-B1EE-1D42AE987D12}"
EndProject
Project("{2150E333-8FDC-42A3-9474-1A3956D46DE8}") = "12", "12", "{4CD258FB-1C95-455E-92D5-CAB4C24FBD7D}"
EndProject
Project("{2150E333-8FDC-42A3-9474-1A3956D46DE8}") = "13", "13", "{04EC2618-D1E7-49C0-BCA9-9419BBBABE7E}"
EndProject
Project("{2150E333-8FDC-42A3-9474-1A3956D46DE8}") = "03", "03", "{8C316859-B10C-410A-9DDA-986BFD5BF6CF}"
EndProject
Project("{2150E333-8FDC-42A3-9474-1A3956D46DE8}") = "07", "07", "{7EBFE858-A56F-41B1-AF61-6E6475319C22}"
EndProject
Project("{FAE04EC0-301F-11D3-BF4B-00C04F79EFBC}") = "UgradjeniTipoviIL", "UgradjeniTipoviIL\UgradjeniTipoviIL.csproj", "{88054646-A747-4A51-AC60-0663632A6F41}"
EndProject
Project("{FAE04EC0-301F-11D3-BF4B-00C04F79EFBC}") = "UgrađeniTipoviInicijalizacija", "UgradjeniTipoviInicijalizacija\UgrađeniTipoviInicijalizacija.csproj", "{C6112EBA-D3AE-468A-B664-268979F9485B}"
EndProject
Project("{FAE04EC0-301F-11D3-BF4B-00C04F79EFBC}") = "UgrađeniCjelobrojniTipovi", "UgradjeniCjelobrojniTipovi\UgrađeniCjelobrojniTipovi.csproj", "{2354D389-DD3C-4807-B763-695B6500CB34}"
EndProject
Project("{FAE04EC0-301F-11D3-BF4B-00C04F79EFBC}") = "UgrađeniDecimalniTipovi", "UgradjeniDecimalniTipovi\UgrađeniDecimalniTipovi.csproj", "{8722FDE2-6193-4C72-8938-C609CFF52573}"
EndProject
Project("{FAE04EC0-301F-11D3-BF4B-00C04F79EFBC}") = "NumeričkaPromocija", "NumerickaPromocija\NumeričkaPromocija.csproj", "{3E855553-56A5-414F-815E-D9D3DAF00A69}"
EndProject
Project("{FAE04EC0-301F-11D3-BF4B-00C04F79EFBC}") = "NulabilniVrijednosniTipovi", "NulabilniVrijednosniTipovi\NulabilniVrijednosniTipovi.csproj", "{169673A9-5034-4941-BD16-5DD9656F04BD}"
EndProject
Project("{FAE04EC0-301F-11D3-BF4B-00C04F79EFBC}") = "DeklaracijaVar", "DeklaracijaVar\DeklaracijaVar.csproj", "{E3F3E444-AC71-4E2E-94CD-8873D15AE49A}"
EndProject
Project("{FAE04EC0-301F-11D3-BF4B-00C04F79EFBC}") = "DeklaracijaDynamic", "DeklaracijaDynamic\DeklaracijaDynamic.csproj", "{13AC8ADE-A197-4144-9F24-D636BF618E38}"
EndProject
Project("{FAE04EC0-301F-11D3-BF4B-00C04F79EFBC}") = "PridruživanjeBazniIzvedeni", "PridruzivanjeBazniIzvedeni\PridruživanjeBazniIzvedeni.csproj", "{73DBF051-646F-4153-9754-9BCE3CCC19E2}"
EndProject
Project("{FAE04EC0-301F-11D3-BF4B-00C04F79EFBC}") = "Pretvorba", "Pretvorba\Pretvorba.csproj", "{D786F0AE-B638-4194-A308-E5FBB4C90198}"
EndProject
Project("{FAE04EC0-301F-11D3-BF4B-00C04F79EFBC}") = "OperatorIs", "OperatorIs\OperatorIs.csproj", "{AD7E66E7-71E5-4674-A684-EB77E63B85B4}"
EndProject
Project("{FAE04EC0-301F-11D3-BF4B-00C04F79EFBC}") = "OperatorAs", "OperatorAs\OperatorAs.csproj", "{DCE6BF53-921E-434F-B815-3E52DEE2C784}"
EndProject
Project("{FAE04EC0-301F-11D3-BF4B-00C04F79EFBC}") = "OperatorSizeof", "OperatorSizeof\OperatorSizeof.csproj", "{00CF2A2B-67DC-4762-B480-ABE99A891764}"
EndProject
Project("{FAE04EC0-301F-11D3-BF4B-00C04F79EFBC}") = "OperatorTypeof", "OperatorTypeof\OperatorTypeof.csproj", "{193BBD9F-F7A0-46E9-B641-8BD089D0B72A}"
EndProject
Global
	GlobalSection(SolutionConfigurationPlatforms) = preSolution
		Debug|Any CPU = Debug|Any CPU
		Release|Any CPU = Release|Any CPU
	EndGlobalSection
	GlobalSection(ProjectConfigurationPlatforms) = postSolution
		{88054646-A747-4A51-AC60-0663632A6F41}.Debug|Any CPU.ActiveCfg = Debug|Any CPU
		{88054646-A747-4A51-AC60-0663632A6F41}.Debug|Any CPU.Build.0 = Debug|Any CPU
		{88054646-A747-4A51-AC60-0663632A6F41}.Release|Any CPU.ActiveCfg = Release|Any CPU
		{88054646-A747-4A51-AC60-0663632A6F41}.Release|Any CPU.Build.0 = Release|Any CPU
		{C6112EBA-D3AE-468A-B664-268979F9485B}.Debug|Any CPU.ActiveCfg = Debug|Any CPU
		{C6112EBA-D3AE-468A-B664-268979F9485B}.Debug|Any CPU.Build.0 = Debug|Any CPU
		{C6112EBA-D3AE-468A-B664-268979F9485B}.Release|Any CPU.ActiveCfg = Release|Any CPU
		{C6112EBA-D3AE-468A-B664-268979F9485B}.Release|Any CPU.Build.0 = Release|Any CPU
		{2354D389-DD3C-4807-B763-695B6500CB34}.Debug|Any CPU.ActiveCfg = Debug|Any CPU
		{2354D389-DD3C-4807-B763-695B6500CB34}.Debug|Any CPU.Build.0 = Debug|Any CPU
		{2354D389-DD3C-4807-B763-695B6500CB34}.Release|Any CPU.ActiveCfg = Release|Any CPU
		{2354D389-DD3C-4807-B763-695B6500CB34}.Release|Any CPU.Build.0 = Release|Any CPU
		{8722FDE2-6193-4C72-8938-C609CFF52573}.Debug|Any CPU.ActiveCfg = Debug|Any CPU
		{8722FDE2-6193-4C72-8938-C609CFF52573}.Debug|Any CPU.Build.0 = Debug|Any CPU
		{8722FDE2-6193-4C72-8938-C609CFF52573}.Release|Any CPU.ActiveCfg = Release|Any CPU
		{8722FDE2-6193-4C72-8938-C609CFF52573}.Release|Any CPU.Build.0 = Release|Any CPU
		{3E855553-56A5-414F-815E-D9D3DAF00A69}.Debug|Any CPU.ActiveCfg = Debug|Any CPU
		{3E855553-56A5-414F-815E-D9D3DAF00A69}.Debug|Any CPU.Build.0 = Debug|Any CPU
		{3E855553-56A5-414F-815E-D9D3DAF00A69}.Release|Any CPU.ActiveCfg = Release|Any CPU
		{3E855553-56A5-414F-815E-D9D3DAF00A69}.Release|Any CPU.Build.0 = Release|Any CPU
		{169673A9-5034-4941-BD16-5DD9656F04BD}.Debug|Any CPU.ActiveCfg = Debug|Any CPU
		{169673A9-5034-4941-BD16-5DD9656F04BD}.Debug|Any CPU.Build.0 = Debug|Any CPU
		{169673A9-5034-4941-BD16-5DD9656F04BD}.Release|Any CPU.ActiveCfg = Release|Any CPU
		{169673A9-5034-4941-BD16-5DD9656F04BD}.Release|Any CPU.Build.0 = Release|Any CPU
		{E3F3E444-AC71-4E2E-94CD-8873D15AE49A}.Debug|Any CPU.ActiveCfg = Debug|Any CPU
		{E3F3E444-AC71-4E2E-94CD-8873D15AE49A}.Debug|Any CPU.Build.0 = Debug|Any CPU
		{E3F3E444-AC71-4E2E-94CD-8873D15AE49A}.Release|Any CPU.ActiveCfg = Release|Any CPU
		{E3F3E444-AC71-4E2E-94CD-8873D15AE49A}.Release|Any CPU.Build.0 = Release|Any CPU
		{13AC8ADE-A197-4144-9F24-D636BF618E38}.Debug|Any CPU.ActiveCfg = Debug|Any CPU
		{13AC8ADE-A197-4144-9F24-D636BF618E38}.Debug|Any CPU.Build.0 = Debug|Any CPU
		{13AC8ADE-A197-4144-9F24-D636BF618E38}.Release|Any CPU.ActiveCfg = Release|Any CPU
		{13AC8ADE-A197-4144-9F24-D636BF618E38}.Release|Any CPU.Build.0 = Release|Any CPU
		{73DBF051-646F-4153-9754-9BCE3CCC19E2}.Debug|Any CPU.ActiveCfg = Debug|Any CPU
		{73DBF051-646F-4153-9754-9BCE3CCC19E2}.Debug|Any CPU.Build.0 = Debug|Any CPU
		{73DBF051-646F-4153-9754-9BCE3CCC19E2}.Release|Any CPU.ActiveCfg = Release|Any CPU
		{73DBF051-646F-4153-9754-9BCE3CCC19E2}.Release|Any CPU.Build.0 = Release|Any CPU
		{D786F0AE-B638-4194-A308-E5FBB4C90198}.Debug|Any CPU.ActiveCfg = Debug|Any CPU
		{D786F0AE-B638-4194-A308-E5FBB4C90198}.Debug|Any CPU.Build.0 = Debug|Any CPU
		{D786F0AE-B638-4194-A308-E5FBB4C90198}.Release|Any CPU.ActiveCfg = Release|Any CPU
		{D786F0AE-B638-4194-A308-E5FBB4C90198}.Release|Any CPU.Build.0 = Release|Any CPU
		{AD7E66E7-71E5-4674-A684-EB77E63B85B4}.Debug|Any CPU.ActiveCfg = Debug|Any CPU
		{AD7E66E7-71E5-4674-A684-EB77E63B85B4}.Debug|Any CPU.Build.0 = Debug|Any CPU
		{AD7E66E7-71E5-4674-A684-EB77E63B85B4}.Release|Any CPU.ActiveCfg = Release|Any CPU
		{AD7E66E7-71E5-4674-A684-EB77E63B85B4}.Release|Any CPU.Build.0 = Release|Any CPU
		{DCE6BF53-921E-434F-B815-3E52DEE2C784}.Debug|Any CPU.ActiveCfg = Debug|Any CPU
		{DCE6BF53-921E-434F-B815-3E52DEE2C784}.Debug|Any CPU.Build.0 = Debug|Any CPU
		{DCE6BF53-921E-434F-B815-3E52DEE2C784}.Release|Any CPU.ActiveCfg = Release|Any CPU
		{DCE6BF53-921E-434F-B815-3E52DEE2C784}.Release|Any CPU.Build.0 = Release|Any CPU
		{00CF2A2B-67DC-4762-B480-ABE99A891764}.Debug|Any CPU.ActiveCfg = Debug|Any CPU
		{00CF2A2B-67DC-4762-B480-ABE99A891764}.Debug|Any CPU.Build.0 = Debug|Any CPU
		{00CF2A2B-67DC-4762-B480-ABE99A891764}.Release|Any CPU.ActiveCfg = Release|Any CPU
		{00CF2A2B-67DC-4762-B480-ABE99A891764}.Release|Any CPU.Build.0 = Release|Any CPU
		{193BBD9F-F7A0-46E9-B641-8BD089D0B72A}.Debug|Any CPU.ActiveCfg = Debug|Any CPU
		{193BBD9F-F7A0-46E9-B641-8BD089D0B72A}.Debug|Any CPU.Build.0 = Debug|Any CPU
		{193BBD9F-F7A0-46E9-B641-8BD089D0B72A}.Release|Any CPU.ActiveCfg = Release|Any CPU
		{193BBD9F-F7A0-46E9-B641-8BD089D0B72A}.Release|Any CPU.Build.0 = Release|Any CPU
	EndGlobalSection
	GlobalSection(SolutionProperties) = preSolution
		HideSolutionNode = FALSE
	EndGlobalSection
	GlobalSection(NestedProjects) = preSolution
		{88054646-A747-4A51-AC60-0663632A6F41} = {DA37F5A6-5544-44FF-A9D1-972930EBC331}
		{C6112EBA-D3AE-468A-B664-268979F9485B} = {40845C2B-04EB-482C-AE6F-7C49F18233C5}
		{2354D389-DD3C-4807-B763-695B6500CB34} = {EC21C50F-F9A0-4152-990A-CAE5EBEDED26}
		{8722FDE2-6193-4C72-8938-C609CFF52573} = {8C316859-B10C-410A-9DDA-986BFD5BF6CF}
		{3E855553-56A5-414F-815E-D9D3DAF00A69} = {51390713-7DA8-495B-A1AE-5FC6E13EA27C}
		{169673A9-5034-4941-BD16-5DD9656F04BD} = {7CA86022-0CA2-4F62-A2FE-860EFA804660}
		{E3F3E444-AC71-4E2E-94CD-8873D15AE49A} = {145F1C24-8629-431A-B2ED-FFE7212D04C5}
		{13AC8ADE-A197-4144-9F24-D636BF618E38} = {7EBFE858-A56F-41B1-AF61-6E6475319C22}
		{73DBF051-646F-4153-9754-9BCE3CCC19E2} = {50B69DF6-AF03-4C7A-AD8D-CA96C610B052}
		{D786F0AE-B638-4194-A308-E5FBB4C90198} = {F8017D15-12E8-4F57-843A-83C7BCD713D6}
		{AD7E66E7-71E5-4674-A684-EB77E63B85B4} = {10B18C04-51D5-4AEF-9012-E69DA4C3A570}
		{DCE6BF53-921E-434F-B815-3E52DEE2C784} = {CDE2956F-9320-4EAC-B1EE-1D42AE987D12}
		{00CF2A2B-67DC-4762-B480-ABE99A891764} = {4CD258FB-1C95-455E-92D5-CAB4C24FBD7D}
		{193BBD9F-F7A0-46E9-B641-8BD089D0B72A} = {04EC2618-D1E7-49C0-BCA9-9419BBBABE7E}
	EndGlobalSection
	GlobalSection(ExtensibilityGlobals) = postSolution
		SolutionGuid = {25CEA171-D4C1-4900-AC51-0AF1B109F423}
	EndGlobalSection
EndGlobal
