
Microsoft Visual Studio Solution File, Format Version 12.00
# Visual Studio Version 16
VisualStudioVersion = 16.0.30611.23
MinimumVisualStudioVersion = 10.0.40219.1
Project("{2150E333-8FDC-42A3-9474-1A3956D46DE8}") = "_", "_", "{008F660F-3AB0-4546-BBAD-0BA42EADC8FA}"
	ProjectSection(SolutionItems) = preProject
		ReadMe.txt = ReadMe.txt
	EndProjectSection
EndProject
Project("{2150E333-8FDC-42A3-9474-1A3956D46DE8}") = "00", "00", "{DA37F5A6-5544-44FF-A9D1-972930EBC331}"
EndProject
Project("{2150E333-8FDC-42A3-9474-1A3956D46DE8}") = "01", "01", "{40845C2B-04EB-482C-AE6F-7C49F18233C5}"
EndProject
Project("{2150E333-8FDC-42A3-9474-1A3956D46DE8}") = "02", "02", "{EC21C50F-F9A0-4152-990A-CAE5EBEDED26}"
EndProject
Project("{2150E333-8FDC-42A3-9474-1A3956D46DE8}") = "04", "04", "{51390713-7DA8-495B-A1AE-5FC6E13EA27C}"
EndProject
Project("{2150E333-8FDC-42A3-9474-1A3956D46DE8}") = "05", "05", "{7CA86022-0CA2-4F62-A2FE-860EFA804660}"
EndProject
Project("{2150E333-8FDC-42A3-9474-1A3956D46DE8}") = "06", "06", "{145F1C24-8629-431A-B2ED-FFE7212D04C5}"
EndProject
Project("{2150E333-8FDC-42A3-9474-1A3956D46DE8}") = "08", "08", "{50B69DF6-AF03-4C7A-AD8D-CA96C610B052}"
EndProject
Project("{2150E333-8FDC-42A3-9474-1A3956D46DE8}") = "09", "09", "{F8017D15-12E8-4F57-843A-83C7BCD713D6}"
EndProject
Project("{2150E333-8FDC-42A3-9474-1A3956D46DE8}") = "10", "10", "{10B18C04-51D5-4AEF-9012-E69DA4C3A570}"
EndProject
Project("{2150E333-8FDC-42A3-9474-1A3956D46DE8}") = "11", "11", "{CDE2956F-9320-4EAC-B1EE-1D42AE987D12}"
EndProject
Project("{2150E333-8FDC-42A3-9474-1A3956D46DE8}") = "12", "12", "{4CD258FB-1C95-455E-92D5-CAB4C24FBD7D}"
EndProject
Project("{2150E333-8FDC-42A3-9474-1A3956D46DE8}") = "13", "13", "{04EC2618-D1E7-49C0-BCA9-9419BBBABE7E}"
EndProject
Project("{FAE04EC0-301F-11D3-BF4B-00C04F79EFBC}") = "UgradjeniTipoviIL", "UgradjeniTipoviIL\UgradjeniTipoviIL.csproj", "{0E4694E7-B5C0-4479-9E94-C0063782BF4C}"
EndProject
Project("{FAE04EC0-301F-11D3-BF4B-00C04F79EFBC}") = "PridruživanjeBazniIzvedeni", "PridruzivanjeBazniIzvedeni\PridruzivanjeBazniIzvedeni\PridruživanjeBazniIzvedeni.csproj", "{E829D863-127E-453C-9C5E-ADC9670EE730}"
EndProject
Project("{FAE04EC0-301F-11D3-BF4B-00C04F79EFBC}") = "Pretvorba", "Pretvorba\Pretvorba\Pretvorba.csproj", "{C5784FC2-E585-4F3B-AA18-50CF513E636D}"
EndProject
Project("{FAE04EC0-301F-11D3-BF4B-00C04F79EFBC}") = "OperatorIs", "OperatorIs\OperatorIs\OperatorIs.csproj", "{9D67CB2E-B754-4851-96D3-D52705F0AD54}"
EndProject
Project("{FAE04EC0-301F-11D3-BF4B-00C04F79EFBC}") = "OperatorAs", "OperatorAs\OperatorAs\OperatorAs.csproj", "{E86A7F29-A18E-46D0-BDE7-1E77D5A3AA89}"
EndProject
Project("{FAE04EC0-301F-11D3-BF4B-00C04F79EFBC}") = "OperatorSizeof", "OperatorSizeof\OperatorSizeof\OperatorSizeof.csproj", "{F3AAB550-98B3-43F6-BA78-DD71DB10B6A2}"
EndProject
Project("{FAE04EC0-301F-11D3-BF4B-00C04F79EFBC}") = "OperatorTypeof", "OperatorTypeof\OperatorTypeof\OperatorTypeof.csproj", "{C8490AEE-118D-4885-A48E-E9A3CEEE2C71}"
EndProject
Project("{2150E333-8FDC-42A3-9474-1A3956D46DE8}") = "03", "03", "{8C316859-B10C-410A-9DDA-986BFD5BF6CF}"
EndProject
Project("{FAE04EC0-301F-11D3-BF4B-00C04F79EFBC}") = "UgrađeniCjelobrojniTipovi", "UgradjeniCjelobrojniTipovi\UgrađeniCjelobrojniTipovi.csproj", "{5CBC99CB-A552-4A8D-B51B-DAE008654988}"
EndProject
Project("{FAE04EC0-301F-11D3-BF4B-00C04F79EFBC}") = "UgrađeniTipoviInicijalizacija", "UgradjeniTipoviInicijalizacija\UgrađeniTipoviInicijalizacija.csproj", "{6D3A557E-BB3C-429D-AAED-BE2A05869AE2}"
EndProject
Project("{FAE04EC0-301F-11D3-BF4B-00C04F79EFBC}") = "NumeričkaPromocija", "NumerickaPromocija\NumeričkaPromocija.csproj", "{AB2E167C-9FE7-46C5-94CE-D5CEFF2FB2A8}"
EndProject
Project("{2150E333-8FDC-42A3-9474-1A3956D46DE8}") = "07", "07", "{7EBFE858-A56F-41B1-AF61-6E6475319C22}"
EndProject
Project("{FAE04EC0-301F-11D3-BF4B-00C04F79EFBC}") = "DeklaracijaVar", "DeklaracijaVar\DeklaracijaVar.csproj", "{F5D199E4-F98E-428D-A829-5CCE1B69E41F}"
EndProject
Project("{FAE04EC0-301F-11D3-BF4B-00C04F79EFBC}") = "DeklaracijaDynamic", "DeklaracijaDynamic\DeklaracijaDynamic.csproj", "{A3E24A86-BB29-41E7-89F0-F54E9B64796E}"
EndProject
Project("{FAE04EC0-301F-11D3-BF4B-00C04F79EFBC}") = "NulabilniVrijednosniTipovi", "NulabilniVrijednosniTipovi\NulabilniVrijednosniTipovi.csproj", "{22E56BE9-0492-4C82-9E8F-938A617A041F}"
EndProject
Project("{FAE04EC0-301F-11D3-BF4B-00C04F79EFBC}") = "UgrađeniDecimalniTipovi", "UgradjeniDecimalniTipovi\UgrađeniDecimalniTipovi.csproj", "{A8DFFAAE-7051-4C3D-BF54-DC06E4EE3F4A}"
EndProject
Global
	GlobalSection(SolutionConfigurationPlatforms) = preSolution
		Debug|Any CPU = Debug|Any CPU
		Release|Any CPU = Release|Any CPU
	EndGlobalSection
	GlobalSection(ProjectConfigurationPlatforms) = postSolution
		{0E4694E7-B5C0-4479-9E94-C0063782BF4C}.Debug|Any CPU.ActiveCfg = Debug|Any CPU
		{0E4694E7-B5C0-4479-9E94-C0063782BF4C}.Debug|Any CPU.Build.0 = Debug|Any CPU
		{0E4694E7-B5C0-4479-9E94-C0063782BF4C}.Release|Any CPU.ActiveCfg = Release|Any CPU
		{0E4694E7-B5C0-4479-9E94-C0063782BF4C}.Release|Any CPU.Build.0 = Release|Any CPU
		{E829D863-127E-453C-9C5E-ADC9670EE730}.Debug|Any CPU.ActiveCfg = Debug|Any CPU
		{E829D863-127E-453C-9C5E-ADC9670EE730}.Debug|Any CPU.Build.0 = Debug|Any CPU
		{E829D863-127E-453C-9C5E-ADC9670EE730}.Release|Any CPU.ActiveCfg = Release|Any CPU
		{E829D863-127E-453C-9C5E-ADC9670EE730}.Release|Any CPU.Build.0 = Release|Any CPU
		{C5784FC2-E585-4F3B-AA18-50CF513E636D}.Debug|Any CPU.ActiveCfg = Debug|Any CPU
		{C5784FC2-E585-4F3B-AA18-50CF513E636D}.Debug|Any CPU.Build.0 = Debug|Any CPU
		{C5784FC2-E585-4F3B-AA18-50CF513E636D}.Release|Any CPU.ActiveCfg = Release|Any CPU
		{C5784FC2-E585-4F3B-AA18-50CF513E636D}.Release|Any CPU.Build.0 = Release|Any CPU
		{9D67CB2E-B754-4851-96D3-D52705F0AD54}.Debug|Any CPU.ActiveCfg = Debug|Any CPU
		{9D67CB2E-B754-4851-96D3-D52705F0AD54}.Debug|Any CPU.Build.0 = Debug|Any CPU
		{9D67CB2E-B754-4851-96D3-D52705F0AD54}.Release|Any CPU.ActiveCfg = Release|Any CPU
		{9D67CB2E-B754-4851-96D3-D52705F0AD54}.Release|Any CPU.Build.0 = Release|Any CPU
		{E86A7F29-A18E-46D0-BDE7-1E77D5A3AA89}.Debug|Any CPU.ActiveCfg = Debug|Any CPU
		{E86A7F29-A18E-46D0-BDE7-1E77D5A3AA89}.Debug|Any CPU.Build.0 = Debug|Any CPU
		{E86A7F29-A18E-46D0-BDE7-1E77D5A3AA89}.Release|Any CPU.ActiveCfg = Release|Any CPU
		{E86A7F29-A18E-46D0-BDE7-1E77D5A3AA89}.Release|Any CPU.Build.0 = Release|Any CPU
		{F3AAB550-98B3-43F6-BA78-DD71DB10B6A2}.Debug|Any CPU.ActiveCfg = Debug|Any CPU
		{F3AAB550-98B3-43F6-BA78-DD71DB10B6A2}.Debug|Any CPU.Build.0 = Debug|Any CPU
		{F3AAB550-98B3-43F6-BA78-DD71DB10B6A2}.Release|Any CPU.ActiveCfg = Release|Any CPU
		{F3AAB550-98B3-43F6-BA78-DD71DB10B6A2}.Release|Any CPU.Build.0 = Release|Any CPU
		{C8490AEE-118D-4885-A48E-E9A3CEEE2C71}.Debug|Any CPU.ActiveCfg = Debug|Any CPU
		{C8490AEE-118D-4885-A48E-E9A3CEEE2C71}.Debug|Any CPU.Build.0 = Debug|Any CPU
		{C8490AEE-118D-4885-A48E-E9A3CEEE2C71}.Release|Any CPU.ActiveCfg = Release|Any CPU
		{C8490AEE-118D-4885-A48E-E9A3CEEE2C71}.Release|Any CPU.Build.0 = Release|Any CPU
		{5CBC99CB-A552-4A8D-B51B-DAE008654988}.Debug|Any CPU.ActiveCfg = Debug|Any CPU
		{5CBC99CB-A552-4A8D-B51B-DAE008654988}.Debug|Any CPU.Build.0 = Debug|Any CPU
		{5CBC99CB-A552-4A8D-B51B-DAE008654988}.Release|Any CPU.ActiveCfg = Release|Any CPU
		{5CBC99CB-A552-4A8D-B51B-DAE008654988}.Release|Any CPU.Build.0 = Release|Any CPU
		{6D3A557E-BB3C-429D-AAED-BE2A05869AE2}.Debug|Any CPU.ActiveCfg = Debug|Any CPU
		{6D3A557E-BB3C-429D-AAED-BE2A05869AE2}.Debug|Any CPU.Build.0 = Debug|Any CPU
		{6D3A557E-BB3C-429D-AAED-BE2A05869AE2}.Release|Any CPU.ActiveCfg = Release|Any CPU
		{6D3A557E-BB3C-429D-AAED-BE2A05869AE2}.Release|Any CPU.Build.0 = Release|Any CPU
		{AB2E167C-9FE7-46C5-94CE-D5CEFF2FB2A8}.Debug|Any CPU.ActiveCfg = Debug|Any CPU
		{AB2E167C-9FE7-46C5-94CE-D5CEFF2FB2A8}.Debug|Any CPU.Build.0 = Debug|Any CPU
		{AB2E167C-9FE7-46C5-94CE-D5CEFF2FB2A8}.Release|Any CPU.ActiveCfg = Release|Any CPU
		{AB2E167C-9FE7-46C5-94CE-D5CEFF2FB2A8}.Release|Any CPU.Build.0 = Release|Any CPU
		{F5D199E4-F98E-428D-A829-5CCE1B69E41F}.Debug|Any CPU.ActiveCfg = Debug|Any CPU
		{F5D199E4-F98E-428D-A829-5CCE1B69E41F}.Debug|Any CPU.Build.0 = Debug|Any CPU
		{F5D199E4-F98E-428D-A829-5CCE1B69E41F}.Release|Any CPU.ActiveCfg = Release|Any CPU
		{F5D199E4-F98E-428D-A829-5CCE1B69E41F}.Release|Any CPU.Build.0 = Release|Any CPU
		{A3E24A86-BB29-41E7-89F0-F54E9B64796E}.Debug|Any CPU.ActiveCfg = Debug|Any CPU
		{A3E24A86-BB29-41E7-89F0-F54E9B64796E}.Debug|Any CPU.Build.0 = Debug|Any CPU
		{A3E24A86-BB29-41E7-89F0-F54E9B64796E}.Release|Any CPU.ActiveCfg = Release|Any CPU
		{A3E24A86-BB29-41E7-89F0-F54E9B64796E}.Release|Any CPU.Build.0 = Release|Any CPU
		{22E56BE9-0492-4C82-9E8F-938A617A041F}.Debug|Any CPU.ActiveCfg = Debug|Any CPU
		{22E56BE9-0492-4C82-9E8F-938A617A041F}.Debug|Any CPU.Build.0 = Debug|Any CPU
		{22E56BE9-0492-4C82-9E8F-938A617A041F}.Release|Any CPU.ActiveCfg = Release|Any CPU
		{22E56BE9-0492-4C82-9E8F-938A617A041F}.Release|Any CPU.Build.0 = Release|Any CPU
		{A8DFFAAE-7051-4C3D-BF54-DC06E4EE3F4A}.Debug|Any CPU.ActiveCfg = Debug|Any CPU
		{A8DFFAAE-7051-4C3D-BF54-DC06E4EE3F4A}.Debug|Any CPU.Build.0 = Debug|Any CPU
		{A8DFFAAE-7051-4C3D-BF54-DC06E4EE3F4A}.Release|Any CPU.ActiveCfg = Release|Any CPU
		{A8DFFAAE-7051-4C3D-BF54-DC06E4EE3F4A}.Release|Any CPU.Build.0 = Release|Any CPU
	EndGlobalSection
	GlobalSection(SolutionProperties) = preSolution
		HideSolutionNode = FALSE
	EndGlobalSection
	GlobalSection(NestedProjects) = preSolution
		{0E4694E7-B5C0-4479-9E94-C0063782BF4C} = {DA37F5A6-5544-44FF-A9D1-972930EBC331}
		{E829D863-127E-453C-9C5E-ADC9670EE730} = {50B69DF6-AF03-4C7A-AD8D-CA96C610B052}
		{C5784FC2-E585-4F3B-AA18-50CF513E636D} = {F8017D15-12E8-4F57-843A-83C7BCD713D6}
		{9D67CB2E-B754-4851-96D3-D52705F0AD54} = {10B18C04-51D5-4AEF-9012-E69DA4C3A570}
		{E86A7F29-A18E-46D0-BDE7-1E77D5A3AA89} = {CDE2956F-9320-4EAC-B1EE-1D42AE987D12}
		{F3AAB550-98B3-43F6-BA78-DD71DB10B6A2} = {4CD258FB-1C95-455E-92D5-CAB4C24FBD7D}
		{C8490AEE-118D-4885-A48E-E9A3CEEE2C71} = {04EC2618-D1E7-49C0-BCA9-9419BBBABE7E}
		{8C316859-B10C-410A-9DDA-986BFD5BF6CF} = {51390713-7DA8-495B-A1AE-5FC6E13EA27C}
		{5CBC99CB-A552-4A8D-B51B-DAE008654988} = {EC21C50F-F9A0-4152-990A-CAE5EBEDED26}
		{6D3A557E-BB3C-429D-AAED-BE2A05869AE2} = {40845C2B-04EB-482C-AE6F-7C49F18233C5}
		{AB2E167C-9FE7-46C5-94CE-D5CEFF2FB2A8} = {51390713-7DA8-495B-A1AE-5FC6E13EA27C}
		{F5D199E4-F98E-428D-A829-5CCE1B69E41F} = {145F1C24-8629-431A-B2ED-FFE7212D04C5}
		{A3E24A86-BB29-41E7-89F0-F54E9B64796E} = {7EBFE858-A56F-41B1-AF61-6E6475319C22}
		{22E56BE9-0492-4C82-9E8F-938A617A041F} = {7CA86022-0CA2-4F62-A2FE-860EFA804660}
		{A8DFFAAE-7051-4C3D-BF54-DC06E4EE3F4A} = {8C316859-B10C-410A-9DDA-986BFD5BF6CF}
	EndGlobalSection
	GlobalSection(ExtensibilityGlobals) = postSolution
		SolutionGuid = {25CEA171-D4C1-4900-AC51-0AF1B109F423}
	EndGlobalSection
EndGlobal
